# THIS IS AN AUTOGENERATED FILE. DO NOT EDIT THIS FILE DIRECTLY.
# yarn lockfile v1


hoist-non-react-statics@^1.0.3:
  version "1.2.0"
  resolved "http://registry.npmjs.org/hoist-non-react-statics/-/hoist-non-react-statics-1.2.0.tgz#aa448cf0986d55cc40773b17174b7dd066cb7cfb"

react-async-script-loader@0.3.0:
  version "0.3.0"
  resolved "https://registry.yarnpkg.com/react-async-script-loader/-/react-async-script-loader-0.3.0.tgz#c742b3ca25e08ba61ab7eb64371f814027692b86"
  dependencies:
    hoist-non-react-statics "^1.0.3"

react-runkit@0.9.0:
  version "0.9.0"
  resolved "https://registry.yarnpkg.com/react-runkit/-/react-runkit-0.9.0.tgz#8a97aec60c2fcf9da17b0af2bb91a877e4336b05"
